<Solution>
  <Project Path="double list/double list.csproj" Id="be57056e-fb7d-4582-88b9-1f338ea98d10" />
  <Project Path="DoublyLinkedList.Console/DoublyLinkedList.Console.csproj" Id="c1a4c77e-6de0-4528-9681-fdbfbf44dafa" />
  <Project Path="LinkedList.Console/LinkedList.Console.csproj" Id="35e714ec-45ec-4533-a9d9-f64bcc43f2d8" />
  <Project Path="SimpleList/SimpleList.csproj" Id="34436440-3da9-4d64-9d1b-a0263b2e1447" />
</Solution>
